
Microsoft Visual Studio Solution File, Format Version 12.00
# Visual Studio 2012
Project("{FAE04EC0-301F-11D3-BF4B-00C04F79EFBC}") = "StIvesSim", "StIvesSim\StIvesSim.csproj", "{B7760AD6-DE2E-43E5-8DCC-33BCE318B843}"
EndProject
Project("{FAE04EC0-301F-11D3-BF4B-00C04F79EFBC}") = "StIvesLib", "StIvesLib\StIvesLib.csproj", "{9E766A24-70A5-449A-B638-7B6A7B74131B}"
EndProject
Project("{FAE04EC0-301F-11D3-BF4B-00C04F79EFBC}") = "Players", "Players\Players.csproj", "{07C39906-CA1E-48A2-87D8-945D8E7185EE}"
EndProject
Project("{FAE04EC0-301F-11D3-BF4B-00C04F79EFBC}") = "Utils", "Utils\Utils.csproj", "{99458B7C-BF06-4BA5-B6F5-B76DA2CD48B1}"
EndProject
Project("{FAE04EC0-301F-11D3-BF4B-00C04F79EFBC}") = "StIves.Interfaces", "StIves.Interfaces\StIves.Interfaces.csproj", "{6BC692AF-BBBD-4380-8F13-31E547B7D65C}"
EndProject
Project("{FAE04EC0-301F-11D3-BF4B-00C04F79EFBC}") = "UnitTests", "UnitTests\UnitTests.csproj", "{10310E65-1C68-43EC-ADB7-FEF2470988B3}"
EndProject
Global
	GlobalSection(SolutionConfigurationPlatforms) = preSolution
		Debug|Any CPU = Debug|Any CPU
		Release|Any CPU = Release|Any CPU
	EndGlobalSection
	GlobalSection(ProjectConfigurationPlatforms) = postSolution
		{B7760AD6-DE2E-43E5-8DCC-33BCE318B843}.Debug|Any CPU.ActiveCfg = Debug|Any CPU
		{B7760AD6-DE2E-43E5-8DCC-33BCE318B843}.Debug|Any CPU.Build.0 = Debug|Any CPU
		{B7760AD6-DE2E-43E5-8DCC-33BCE318B843}.Release|Any CPU.ActiveCfg = Release|Any CPU
		{B7760AD6-DE2E-43E5-8DCC-33BCE318B843}.Release|Any CPU.Build.0 = Release|Any CPU
		{9E766A24-70A5-449A-B638-7B6A7B74131B}.Debug|Any CPU.ActiveCfg = Debug|Any CPU
		{9E766A24-70A5-449A-B638-7B6A7B74131B}.Debug|Any CPU.Build.0 = Debug|Any CPU
		{9E766A24-70A5-449A-B638-7B6A7B74131B}.Release|Any CPU.ActiveCfg = Release|Any CPU
		{9E766A24-70A5-449A-B638-7B6A7B74131B}.Release|Any CPU.Build.0 = Release|Any CPU
		{07C39906-CA1E-48A2-87D8-945D8E7185EE}.Debug|Any CPU.ActiveCfg = Debug|Any CPU
		{07C39906-CA1E-48A2-87D8-945D8E7185EE}.Debug|Any CPU.Build.0 = Debug|Any CPU
		{07C39906-CA1E-48A2-87D8-945D8E7185EE}.Release|Any CPU.ActiveCfg = Release|Any CPU
		{07C39906-CA1E-48A2-87D8-945D8E7185EE}.Release|Any CPU.Build.0 = Release|Any CPU
		{99458B7C-BF06-4BA5-B6F5-B76DA2CD48B1}.Debug|Any CPU.ActiveCfg = Debug|Any CPU
		{99458B7C-BF06-4BA5-B6F5-B76DA2CD48B1}.Debug|Any CPU.Build.0 = Debug|Any CPU
		{99458B7C-BF06-4BA5-B6F5-B76DA2CD48B1}.Release|Any CPU.ActiveCfg = Release|Any CPU
		{99458B7C-BF06-4BA5-B6F5-B76DA2CD48B1}.Release|Any CPU.Build.0 = Release|Any CPU
		{6BC692AF-BBBD-4380-8F13-31E547B7D65C}.Debug|Any CPU.ActiveCfg = Debug|Any CPU
		{6BC692AF-BBBD-4380-8F13-31E547B7D65C}.Debug|Any CPU.Build.0 = Debug|Any CPU
		{6BC692AF-BBBD-4380-8F13-31E547B7D65C}.Release|Any CPU.ActiveCfg = Release|Any CPU
		{6BC692AF-BBBD-4380-8F13-31E547B7D65C}.Release|Any CPU.Build.0 = Release|Any CPU
		{10310E65-1C68-43EC-ADB7-FEF2470988B3}.Debug|Any CPU.ActiveCfg = Debug|Any CPU
		{10310E65-1C68-43EC-ADB7-FEF2470988B3}.Debug|Any CPU.Build.0 = Debug|Any CPU
		{10310E65-1C68-43EC-ADB7-FEF2470988B3}.Release|Any CPU.ActiveCfg = Release|Any CPU
		{10310E65-1C68-43EC-ADB7-FEF2470988B3}.Release|Any CPU.Build.0 = Release|Any CPU
	EndGlobalSection
	GlobalSection(SolutionProperties) = preSolution
		HideSolutionNode = FALSE
	EndGlobalSection
EndGlobal
